Microsoft Visual Studio Solution File, Format Version 12.00
# Visual Studio 14
Project("{8BC9CEB8-8B4A-11D0-8D11-00A0C91BC942}") = "ALL_BUILD", "ALL_BUILD.vcxproj", "{9AD5ACFE-3D87-3170-97F2-46CE8EDA6B97}"
	ProjectSection(ProjectDependencies) = postProject
		{2DD5313D-922C-3073-B4A7-ECDB26EF44D7} = {2DD5313D-922C-3073-B4A7-ECDB26EF44D7}
		{0E90565F-1025-330B-A460-55494F19BAEF} = {0E90565F-1025-330B-A460-55494F19BAEF}
		{3B2F3B3F-DCBB-31D6-877A-BFD94D0C43DF} = {3B2F3B3F-DCBB-31D6-877A-BFD94D0C43DF}
		{A513EE8B-F222-3C7A-AFD0-B4C525ADBFAC} = {A513EE8B-F222-3C7A-AFD0-B4C525ADBFAC}
		{053F1A86-654A-3CCA-ACDA-83AEE8111D1A} = {053F1A86-654A-3CCA-ACDA-83AEE8111D1A}
		{7C3D877A-8533-3A13-92DB-B009403EE853} = {7C3D877A-8533-3A13-92DB-B009403EE853}
		{C3F139D4-8128-3935-BC58-1A83F806473C} = {C3F139D4-8128-3935-BC58-1A83F806473C}
		{FC12D4E2-1DF5-3CC2-9915-50FC1C4033E6} = {FC12D4E2-1DF5-3CC2-9915-50FC1C4033E6}
		{F97F57FD-53CD-31A2-81BC-19B5F4F8C81D} = {F97F57FD-53CD-31A2-81BC-19B5F4F8C81D}
		{D26CAE09-DBEC-3DED-B804-D07599A7D32B} = {D26CAE09-DBEC-3DED-B804-D07599A7D32B}
		{04A68ED4-6963-3A68-AE8D-0DFFD69F47D0} = {04A68ED4-6963-3A68-AE8D-0DFFD69F47D0}
	EndProjectSection
EndProject
Project("{8BC9CEB8-8B4A-11D0-8D11-00A0C91BC942}") = "ANTTWEAKBAR_116_OGLCORE_GLFW", "external\ANTTWEAKBAR_116_OGLCORE_GLFW.vcxproj", "{2DD5313D-922C-3073-B4A7-ECDB26EF44D7}"
	ProjectSection(ProjectDependencies) = postProject
		{FC12D4E2-1DF5-3CC2-9915-50FC1C4033E6} = {FC12D4E2-1DF5-3CC2-9915-50FC1C4033E6}
	EndProjectSection
EndProject
Project("{8BC9CEB8-8B4A-11D0-8D11-00A0C91BC942}") = "BulletCollision", "external\bullet-2.81-rev2613\src\BulletCollision\BulletCollision.vcxproj", "{0E90565F-1025-330B-A460-55494F19BAEF}"
	ProjectSection(ProjectDependencies) = postProject
		{FC12D4E2-1DF5-3CC2-9915-50FC1C4033E6} = {FC12D4E2-1DF5-3CC2-9915-50FC1C4033E6}
	EndProjectSection
EndProject
Project("{8BC9CEB8-8B4A-11D0-8D11-00A0C91BC942}") = "BulletDynamics", "external\bullet-2.81-rev2613\src\BulletDynamics\BulletDynamics.vcxproj", "{3B2F3B3F-DCBB-31D6-877A-BFD94D0C43DF}"
	ProjectSection(ProjectDependencies) = postProject
		{FC12D4E2-1DF5-3CC2-9915-50FC1C4033E6} = {FC12D4E2-1DF5-3CC2-9915-50FC1C4033E6}
	EndProjectSection
EndProject
Project("{8BC9CEB8-8B4A-11D0-8D11-00A0C91BC942}") = "BulletSoftBody", "external\bullet-2.81-rev2613\src\BulletSoftBody\BulletSoftBody.vcxproj", "{A513EE8B-F222-3C7A-AFD0-B4C525ADBFAC}"
	ProjectSection(ProjectDependencies) = postProject
		{FC12D4E2-1DF5-3CC2-9915-50FC1C4033E6} = {FC12D4E2-1DF5-3CC2-9915-50FC1C4033E6}
	EndProjectSection
EndProject
Project("{8BC9CEB8-8B4A-11D0-8D11-00A0C91BC942}") = "GLEW_190", "external\GLEW_190.vcxproj", "{053F1A86-654A-3CCA-ACDA-83AEE8111D1A}"
	ProjectSection(ProjectDependencies) = postProject
		{FC12D4E2-1DF5-3CC2-9915-50FC1C4033E6} = {FC12D4E2-1DF5-3CC2-9915-50FC1C4033E6}
	EndProjectSection
EndProject
Project("{8BC9CEB8-8B4A-11D0-8D11-00A0C91BC942}") = "GLFW_276", "external\GLFW_276.vcxproj", "{7C3D877A-8533-3A13-92DB-B009403EE853}"
	ProjectSection(ProjectDependencies) = postProject
		{FC12D4E2-1DF5-3CC2-9915-50FC1C4033E6} = {FC12D4E2-1DF5-3CC2-9915-50FC1C4033E6}
	EndProjectSection
EndProject
Project("{8BC9CEB8-8B4A-11D0-8D11-00A0C91BC942}") = "INSTALL", "INSTALL.vcxproj", "{7400E60E-4396-38B5-9733-4618245BC29B}"
	ProjectSection(ProjectDependencies) = postProject
		{9AD5ACFE-3D87-3170-97F2-46CE8EDA6B97} = {9AD5ACFE-3D87-3170-97F2-46CE8EDA6B97}
		{FC12D4E2-1DF5-3CC2-9915-50FC1C4033E6} = {FC12D4E2-1DF5-3CC2-9915-50FC1C4033E6}
	EndProjectSection
EndProject
Project("{8BC9CEB8-8B4A-11D0-8D11-00A0C91BC942}") = "LinearMath", "external\bullet-2.81-rev2613\src\LinearMath\LinearMath.vcxproj", "{C3F139D4-8128-3935-BC58-1A83F806473C}"
	ProjectSection(ProjectDependencies) = postProject
		{FC12D4E2-1DF5-3CC2-9915-50FC1C4033E6} = {FC12D4E2-1DF5-3CC2-9915-50FC1C4033E6}
	EndProjectSection
EndProject
Project("{8BC9CEB8-8B4A-11D0-8D11-00A0C91BC942}") = "ZERO_CHECK", "ZERO_CHECK.vcxproj", "{FC12D4E2-1DF5-3CC2-9915-50FC1C4033E6}"
	ProjectSection(ProjectDependencies) = postProject
	EndProjectSection
EndProject
Project("{8BC9CEB8-8B4A-11D0-8D11-00A0C91BC942}") = "assimp", "external\assimp-3.0.1270\code\assimp.vcxproj", "{F97F57FD-53CD-31A2-81BC-19B5F4F8C81D}"
	ProjectSection(ProjectDependencies) = postProject
		{FC12D4E2-1DF5-3CC2-9915-50FC1C4033E6} = {FC12D4E2-1DF5-3CC2-9915-50FC1C4033E6}
		{04A68ED4-6963-3A68-AE8D-0DFFD69F47D0} = {04A68ED4-6963-3A68-AE8D-0DFFD69F47D0}
	EndProjectSection
EndProject
Project("{8BC9CEB8-8B4A-11D0-8D11-00A0C91BC942}") = "main_window", "main_window.vcxproj", "{D26CAE09-DBEC-3DED-B804-D07599A7D32B}"
	ProjectSection(ProjectDependencies) = postProject
		{053F1A86-654A-3CCA-ACDA-83AEE8111D1A} = {053F1A86-654A-3CCA-ACDA-83AEE8111D1A}
		{7C3D877A-8533-3A13-92DB-B009403EE853} = {7C3D877A-8533-3A13-92DB-B009403EE853}
		{FC12D4E2-1DF5-3CC2-9915-50FC1C4033E6} = {FC12D4E2-1DF5-3CC2-9915-50FC1C4033E6}
	EndProjectSection
EndProject
Project("{8BC9CEB8-8B4A-11D0-8D11-00A0C91BC942}") = "zlib", "external\assimp-3.0.1270\contrib\zlib\zlib.vcxproj", "{04A68ED4-6963-3A68-AE8D-0DFFD69F47D0}"
	ProjectSection(ProjectDependencies) = postProject
		{FC12D4E2-1DF5-3CC2-9915-50FC1C4033E6} = {FC12D4E2-1DF5-3CC2-9915-50FC1C4033E6}
	EndProjectSection
EndProject
Global
	GlobalSection(SolutionConfigurationPlatforms) = preSolution
		Debug|Win32 = Debug|Win32
		Release|Win32 = Release|Win32
		MinSizeRel|Win32 = MinSizeRel|Win32
		RelWithDebInfo|Win32 = RelWithDebInfo|Win32
	EndGlobalSection
	GlobalSection(ProjectConfigurationPlatforms) = postSolution
		{9AD5ACFE-3D87-3170-97F2-46CE8EDA6B97}.Debug|Win32.ActiveCfg = Debug|Win32
		{9AD5ACFE-3D87-3170-97F2-46CE8EDA6B97}.Debug|Win32.Build.0 = Debug|Win32
		{9AD5ACFE-3D87-3170-97F2-46CE8EDA6B97}.Release|Win32.ActiveCfg = Release|Win32
		{9AD5ACFE-3D87-3170-97F2-46CE8EDA6B97}.Release|Win32.Build.0 = Release|Win32
		{9AD5ACFE-3D87-3170-97F2-46CE8EDA6B97}.MinSizeRel|Win32.ActiveCfg = MinSizeRel|Win32
		{9AD5ACFE-3D87-3170-97F2-46CE8EDA6B97}.MinSizeRel|Win32.Build.0 = MinSizeRel|Win32
		{9AD5ACFE-3D87-3170-97F2-46CE8EDA6B97}.RelWithDebInfo|Win32.ActiveCfg = RelWithDebInfo|Win32
		{9AD5ACFE-3D87-3170-97F2-46CE8EDA6B97}.RelWithDebInfo|Win32.Build.0 = RelWithDebInfo|Win32
		{2DD5313D-922C-3073-B4A7-ECDB26EF44D7}.Debug|Win32.ActiveCfg = Debug|Win32
		{2DD5313D-922C-3073-B4A7-ECDB26EF44D7}.Debug|Win32.Build.0 = Debug|Win32
		{2DD5313D-922C-3073-B4A7-ECDB26EF44D7}.Release|Win32.ActiveCfg = Release|Win32
		{2DD5313D-922C-3073-B4A7-ECDB26EF44D7}.Release|Win32.Build.0 = Release|Win32
		{2DD5313D-922C-3073-B4A7-ECDB26EF44D7}.MinSizeRel|Win32.ActiveCfg = MinSizeRel|Win32
		{2DD5313D-922C-3073-B4A7-ECDB26EF44D7}.MinSizeRel|Win32.Build.0 = MinSizeRel|Win32
		{2DD5313D-922C-3073-B4A7-ECDB26EF44D7}.RelWithDebInfo|Win32.ActiveCfg = RelWithDebInfo|Win32
		{2DD5313D-922C-3073-B4A7-ECDB26EF44D7}.RelWithDebInfo|Win32.Build.0 = RelWithDebInfo|Win32
		{0E90565F-1025-330B-A460-55494F19BAEF}.Debug|Win32.ActiveCfg = Debug|Win32
		{0E90565F-1025-330B-A460-55494F19BAEF}.Debug|Win32.Build.0 = Debug|Win32
		{0E90565F-1025-330B-A460-55494F19BAEF}.Release|Win32.ActiveCfg = Release|Win32
		{0E90565F-1025-330B-A460-55494F19BAEF}.Release|Win32.Build.0 = Release|Win32
		{0E90565F-1025-330B-A460-55494F19BAEF}.MinSizeRel|Win32.ActiveCfg = MinSizeRel|Win32
		{0E90565F-1025-330B-A460-55494F19BAEF}.MinSizeRel|Win32.Build.0 = MinSizeRel|Win32
		{0E90565F-1025-330B-A460-55494F19BAEF}.RelWithDebInfo|Win32.ActiveCfg = RelWithDebInfo|Win32
		{0E90565F-1025-330B-A460-55494F19BAEF}.RelWithDebInfo|Win32.Build.0 = RelWithDebInfo|Win32
		{3B2F3B3F-DCBB-31D6-877A-BFD94D0C43DF}.Debug|Win32.ActiveCfg = Debug|Win32
		{3B2F3B3F-DCBB-31D6-877A-BFD94D0C43DF}.Debug|Win32.Build.0 = Debug|Win32
		{3B2F3B3F-DCBB-31D6-877A-BFD94D0C43DF}.Release|Win32.ActiveCfg = Release|Win32
		{3B2F3B3F-DCBB-31D6-877A-BFD94D0C43DF}.Release|Win32.Build.0 = Release|Win32
		{3B2F3B3F-DCBB-31D6-877A-BFD94D0C43DF}.MinSizeRel|Win32.ActiveCfg = MinSizeRel|Win32
		{3B2F3B3F-DCBB-31D6-877A-BFD94D0C43DF}.MinSizeRel|Win32.Build.0 = MinSizeRel|Win32
		{3B2F3B3F-DCBB-31D6-877A-BFD94D0C43DF}.RelWithDebInfo|Win32.ActiveCfg = RelWithDebInfo|Win32
		{3B2F3B3F-DCBB-31D6-877A-BFD94D0C43DF}.RelWithDebInfo|Win32.Build.0 = RelWithDebInfo|Win32
		{A513EE8B-F222-3C7A-AFD0-B4C525ADBFAC}.Debug|Win32.ActiveCfg = Debug|Win32
		{A513EE8B-F222-3C7A-AFD0-B4C525ADBFAC}.Debug|Win32.Build.0 = Debug|Win32
		{A513EE8B-F222-3C7A-AFD0-B4C525ADBFAC}.Release|Win32.ActiveCfg = Release|Win32
		{A513EE8B-F222-3C7A-AFD0-B4C525ADBFAC}.Release|Win32.Build.0 = Release|Win32
		{A513EE8B-F222-3C7A-AFD0-B4C525ADBFAC}.MinSizeRel|Win32.ActiveCfg = MinSizeRel|Win32
		{A513EE8B-F222-3C7A-AFD0-B4C525ADBFAC}.MinSizeRel|Win32.Build.0 = MinSizeRel|Win32
		{A513EE8B-F222-3C7A-AFD0-B4C525ADBFAC}.RelWithDebInfo|Win32.ActiveCfg = RelWithDebInfo|Win32
		{A513EE8B-F222-3C7A-AFD0-B4C525ADBFAC}.RelWithDebInfo|Win32.Build.0 = RelWithDebInfo|Win32
		{053F1A86-654A-3CCA-ACDA-83AEE8111D1A}.Debug|Win32.ActiveCfg = Debug|Win32
		{053F1A86-654A-3CCA-ACDA-83AEE8111D1A}.Debug|Win32.Build.0 = Debug|Win32
		{053F1A86-654A-3CCA-ACDA-83AEE8111D1A}.Release|Win32.ActiveCfg = Release|Win32
		{053F1A86-654A-3CCA-ACDA-83AEE8111D1A}.Release|Win32.Build.0 = Release|Win32
		{053F1A86-654A-3CCA-ACDA-83AEE8111D1A}.MinSizeRel|Win32.ActiveCfg = MinSizeRel|Win32
		{053F1A86-654A-3CCA-ACDA-83AEE8111D1A}.MinSizeRel|Win32.Build.0 = MinSizeRel|Win32
		{053F1A86-654A-3CCA-ACDA-83AEE8111D1A}.RelWithDebInfo|Win32.ActiveCfg = RelWithDebInfo|Win32
		{053F1A86-654A-3CCA-ACDA-83AEE8111D1A}.RelWithDebInfo|Win32.Build.0 = RelWithDebInfo|Win32
		{7C3D877A-8533-3A13-92DB-B009403EE853}.Debug|Win32.ActiveCfg = Debug|Win32
		{7C3D877A-8533-3A13-92DB-B009403EE853}.Debug|Win32.Build.0 = Debug|Win32
		{7C3D877A-8533-3A13-92DB-B009403EE853}.Release|Win32.ActiveCfg = Release|Win32
		{7C3D877A-8533-3A13-92DB-B009403EE853}.Release|Win32.Build.0 = Release|Win32
		{7C3D877A-8533-3A13-92DB-B009403EE853}.MinSizeRel|Win32.ActiveCfg = MinSizeRel|Win32
		{7C3D877A-8533-3A13-92DB-B009403EE853}.MinSizeRel|Win32.Build.0 = MinSizeRel|Win32
		{7C3D877A-8533-3A13-92DB-B009403EE853}.RelWithDebInfo|Win32.ActiveCfg = RelWithDebInfo|Win32
		{7C3D877A-8533-3A13-92DB-B009403EE853}.RelWithDebInfo|Win32.Build.0 = RelWithDebInfo|Win32
		{7400E60E-4396-38B5-9733-4618245BC29B}.Debug|Win32.ActiveCfg = Debug|Win32
		{7400E60E-4396-38B5-9733-4618245BC29B}.Release|Win32.ActiveCfg = Release|Win32
		{7400E60E-4396-38B5-9733-4618245BC29B}.MinSizeRel|Win32.ActiveCfg = MinSizeRel|Win32
		{7400E60E-4396-38B5-9733-4618245BC29B}.RelWithDebInfo|Win32.ActiveCfg = RelWithDebInfo|Win32
		{C3F139D4-8128-3935-BC58-1A83F806473C}.Debug|Win32.ActiveCfg = Debug|Win32
		{C3F139D4-8128-3935-BC58-1A83F806473C}.Debug|Win32.Build.0 = Debug|Win32
		{C3F139D4-8128-3935-BC58-1A83F806473C}.Release|Win32.ActiveCfg = Release|Win32
		{C3F139D4-8128-3935-BC58-1A83F806473C}.Release|Win32.Build.0 = Release|Win32
		{C3F139D4-8128-3935-BC58-1A83F806473C}.MinSizeRel|Win32.ActiveCfg = MinSizeRel|Win32
		{C3F139D4-8128-3935-BC58-1A83F806473C}.MinSizeRel|Win32.Build.0 = MinSizeRel|Win32
		{C3F139D4-8128-3935-BC58-1A83F806473C}.RelWithDebInfo|Win32.ActiveCfg = RelWithDebInfo|Win32
		{C3F139D4-8128-3935-BC58-1A83F806473C}.RelWithDebInfo|Win32.Build.0 = RelWithDebInfo|Win32
		{FC12D4E2-1DF5-3CC2-9915-50FC1C4033E6}.Debug|Win32.ActiveCfg = Debug|Win32
		{FC12D4E2-1DF5-3CC2-9915-50FC1C4033E6}.Debug|Win32.Build.0 = Debug|Win32
		{FC12D4E2-1DF5-3CC2-9915-50FC1C4033E6}.Release|Win32.ActiveCfg = Release|Win32
		{FC12D4E2-1DF5-3CC2-9915-50FC1C4033E6}.Release|Win32.Build.0 = Release|Win32
		{FC12D4E2-1DF5-3CC2-9915-50FC1C4033E6}.MinSizeRel|Win32.ActiveCfg = MinSizeRel|Win32
		{FC12D4E2-1DF5-3CC2-9915-50FC1C4033E6}.MinSizeRel|Win32.Build.0 = MinSizeRel|Win32
		{FC12D4E2-1DF5-3CC2-9915-50FC1C4033E6}.RelWithDebInfo|Win32.ActiveCfg = RelWithDebInfo|Win32
		{FC12D4E2-1DF5-3CC2-9915-50FC1C4033E6}.RelWithDebInfo|Win32.Build.0 = RelWithDebInfo|Win32
		{F97F57FD-53CD-31A2-81BC-19B5F4F8C81D}.Debug|Win32.ActiveCfg = Debug|Win32
		{F97F57FD-53CD-31A2-81BC-19B5F4F8C81D}.Debug|Win32.Build.0 = Debug|Win32
		{F97F57FD-53CD-31A2-81BC-19B5F4F8C81D}.Release|Win32.ActiveCfg = Release|Win32
		{F97F57FD-53CD-31A2-81BC-19B5F4F8C81D}.Release|Win32.Build.0 = Release|Win32
		{F97F57FD-53CD-31A2-81BC-19B5F4F8C81D}.MinSizeRel|Win32.ActiveCfg = MinSizeRel|Win32
		{F97F57FD-53CD-31A2-81BC-19B5F4F8C81D}.MinSizeRel|Win32.Build.0 = MinSizeRel|Win32
		{F97F57FD-53CD-31A2-81BC-19B5F4F8C81D}.RelWithDebInfo|Win32.ActiveCfg = RelWithDebInfo|Win32
		{F97F57FD-53CD-31A2-81BC-19B5F4F8C81D}.RelWithDebInfo|Win32.Build.0 = RelWithDebInfo|Win32
		{D26CAE09-DBEC-3DED-B804-D07599A7D32B}.Debug|Win32.ActiveCfg = Debug|Win32
		{D26CAE09-DBEC-3DED-B804-D07599A7D32B}.Debug|Win32.Build.0 = Debug|Win32
		{D26CAE09-DBEC-3DED-B804-D07599A7D32B}.Release|Win32.ActiveCfg = Release|Win32
		{D26CAE09-DBEC-3DED-B804-D07599A7D32B}.Release|Win32.Build.0 = Release|Win32
		{D26CAE09-DBEC-3DED-B804-D07599A7D32B}.MinSizeRel|Win32.ActiveCfg = MinSizeRel|Win32
		{D26CAE09-DBEC-3DED-B804-D07599A7D32B}.MinSizeRel|Win32.Build.0 = MinSizeRel|Win32
		{D26CAE09-DBEC-3DED-B804-D07599A7D32B}.RelWithDebInfo|Win32.ActiveCfg = RelWithDebInfo|Win32
		{D26CAE09-DBEC-3DED-B804-D07599A7D32B}.RelWithDebInfo|Win32.Build.0 = RelWithDebInfo|Win32
		{04A68ED4-6963-3A68-AE8D-0DFFD69F47D0}.Debug|Win32.ActiveCfg = Debug|Win32
		{04A68ED4-6963-3A68-AE8D-0DFFD69F47D0}.Debug|Win32.Build.0 = Debug|Win32
		{04A68ED4-6963-3A68-AE8D-0DFFD69F47D0}.Release|Win32.ActiveCfg = Release|Win32
		{04A68ED4-6963-3A68-AE8D-0DFFD69F47D0}.Release|Win32.Build.0 = Release|Win32
		{04A68ED4-6963-3A68-AE8D-0DFFD69F47D0}.MinSizeRel|Win32.ActiveCfg = MinSizeRel|Win32
		{04A68ED4-6963-3A68-AE8D-0DFFD69F47D0}.MinSizeRel|Win32.Build.0 = MinSizeRel|Win32
		{04A68ED4-6963-3A68-AE8D-0DFFD69F47D0}.RelWithDebInfo|Win32.ActiveCfg = RelWithDebInfo|Win32
		{04A68ED4-6963-3A68-AE8D-0DFFD69F47D0}.RelWithDebInfo|Win32.Build.0 = RelWithDebInfo|Win32
	EndGlobalSection
	GlobalSection(ExtensibilityGlobals) = postSolution
		SolutionGuid = {1B64AB3B-355F-38F2-8467-A6A3B3DEA97D}
	EndGlobalSection
	GlobalSection(ExtensibilityAddIns) = postSolution
	EndGlobalSection
EndGlobal
