Microsoft Visual Studio Solution File, Format Version 12.00
# Visual Studio 14
Project("{8BC9CEB8-8B4A-11D0-8D11-00A0C91BC942}") = "ALL_BUILD", "ALL_BUILD.vcxproj", "{EB210930-1C97-3B5B-98FA-FF37B9AA60A4}"
	ProjectSection(ProjectDependencies) = postProject
		{278CE7CE-8628-3686-A84C-10CE55F75097} = {278CE7CE-8628-3686-A84C-10CE55F75097}
		{F75845C4-2F89-3FC7-9206-382FB3F68364} = {F75845C4-2F89-3FC7-9206-382FB3F68364}
		{B4187F96-A78A-3A55-BEE2-5C79B46A5CA1} = {B4187F96-A78A-3A55-BEE2-5C79B46A5CA1}
		{7C8B1FE4-4F6E-3C12-8A8B-ACD9E699C437} = {7C8B1FE4-4F6E-3C12-8A8B-ACD9E699C437}
		{1690E6F1-5A74-370F-833B-6912E41943B8} = {1690E6F1-5A74-370F-833B-6912E41943B8}
		{C336ED7C-BD19-3C20-8079-E92033BB72F9} = {C336ED7C-BD19-3C20-8079-E92033BB72F9}
		{94B0EDE4-B072-3AC3-8B09-4B3A22F1B079} = {94B0EDE4-B072-3AC3-8B09-4B3A22F1B079}
		{302FE4E5-3082-3A74-AC30-C30CA95740C2} = {302FE4E5-3082-3A74-AC30-C30CA95740C2}
		{8BA5E576-28FF-3802-ACBC-65E25BCFEA4A} = {8BA5E576-28FF-3802-ACBC-65E25BCFEA4A}
		{E8B2722B-ED96-3556-84FB-68327F6C86F1} = {E8B2722B-ED96-3556-84FB-68327F6C86F1}
		{F249C5D3-124A-310D-A0DB-CFD658B74459} = {F249C5D3-124A-310D-A0DB-CFD658B74459}
	EndProjectSection
EndProject
Project("{8BC9CEB8-8B4A-11D0-8D11-00A0C91BC942}") = "ANTTWEAKBAR_116_OGLCORE_GLFW", "external\ANTTWEAKBAR_116_OGLCORE_GLFW.vcxproj", "{278CE7CE-8628-3686-A84C-10CE55F75097}"
	ProjectSection(ProjectDependencies) = postProject
		{302FE4E5-3082-3A74-AC30-C30CA95740C2} = {302FE4E5-3082-3A74-AC30-C30CA95740C2}
	EndProjectSection
EndProject
Project("{8BC9CEB8-8B4A-11D0-8D11-00A0C91BC942}") = "BulletCollision", "external\bullet-2.81-rev2613\src\BulletCollision\BulletCollision.vcxproj", "{F75845C4-2F89-3FC7-9206-382FB3F68364}"
	ProjectSection(ProjectDependencies) = postProject
		{302FE4E5-3082-3A74-AC30-C30CA95740C2} = {302FE4E5-3082-3A74-AC30-C30CA95740C2}
	EndProjectSection
EndProject
Project("{8BC9CEB8-8B4A-11D0-8D11-00A0C91BC942}") = "BulletDynamics", "external\bullet-2.81-rev2613\src\BulletDynamics\BulletDynamics.vcxproj", "{B4187F96-A78A-3A55-BEE2-5C79B46A5CA1}"
	ProjectSection(ProjectDependencies) = postProject
		{302FE4E5-3082-3A74-AC30-C30CA95740C2} = {302FE4E5-3082-3A74-AC30-C30CA95740C2}
	EndProjectSection
EndProject
Project("{8BC9CEB8-8B4A-11D0-8D11-00A0C91BC942}") = "BulletSoftBody", "external\bullet-2.81-rev2613\src\BulletSoftBody\BulletSoftBody.vcxproj", "{7C8B1FE4-4F6E-3C12-8A8B-ACD9E699C437}"
	ProjectSection(ProjectDependencies) = postProject
		{302FE4E5-3082-3A74-AC30-C30CA95740C2} = {302FE4E5-3082-3A74-AC30-C30CA95740C2}
	EndProjectSection
EndProject
Project("{8BC9CEB8-8B4A-11D0-8D11-00A0C91BC942}") = "GLEW_190", "external\GLEW_190.vcxproj", "{1690E6F1-5A74-370F-833B-6912E41943B8}"
	ProjectSection(ProjectDependencies) = postProject
		{302FE4E5-3082-3A74-AC30-C30CA95740C2} = {302FE4E5-3082-3A74-AC30-C30CA95740C2}
	EndProjectSection
EndProject
Project("{8BC9CEB8-8B4A-11D0-8D11-00A0C91BC942}") = "GLFW_276", "external\GLFW_276.vcxproj", "{C336ED7C-BD19-3C20-8079-E92033BB72F9}"
	ProjectSection(ProjectDependencies) = postProject
		{302FE4E5-3082-3A74-AC30-C30CA95740C2} = {302FE4E5-3082-3A74-AC30-C30CA95740C2}
	EndProjectSection
EndProject
Project("{8BC9CEB8-8B4A-11D0-8D11-00A0C91BC942}") = "INSTALL", "INSTALL.vcxproj", "{2B3C50D7-011B-38AA-B3E9-F6421089FE69}"
	ProjectSection(ProjectDependencies) = postProject
		{EB210930-1C97-3B5B-98FA-FF37B9AA60A4} = {EB210930-1C97-3B5B-98FA-FF37B9AA60A4}
		{302FE4E5-3082-3A74-AC30-C30CA95740C2} = {302FE4E5-3082-3A74-AC30-C30CA95740C2}
	EndProjectSection
EndProject
Project("{8BC9CEB8-8B4A-11D0-8D11-00A0C91BC942}") = "LinearMath", "external\bullet-2.81-rev2613\src\LinearMath\LinearMath.vcxproj", "{94B0EDE4-B072-3AC3-8B09-4B3A22F1B079}"
	ProjectSection(ProjectDependencies) = postProject
		{302FE4E5-3082-3A74-AC30-C30CA95740C2} = {302FE4E5-3082-3A74-AC30-C30CA95740C2}
	EndProjectSection
EndProject
Project("{8BC9CEB8-8B4A-11D0-8D11-00A0C91BC942}") = "ZERO_CHECK", "ZERO_CHECK.vcxproj", "{302FE4E5-3082-3A74-AC30-C30CA95740C2}"
	ProjectSection(ProjectDependencies) = postProject
	EndProjectSection
EndProject
Project("{8BC9CEB8-8B4A-11D0-8D11-00A0C91BC942}") = "assimp", "external\assimp-3.0.1270\code\assimp.vcxproj", "{8BA5E576-28FF-3802-ACBC-65E25BCFEA4A}"
	ProjectSection(ProjectDependencies) = postProject
		{302FE4E5-3082-3A74-AC30-C30CA95740C2} = {302FE4E5-3082-3A74-AC30-C30CA95740C2}
		{F249C5D3-124A-310D-A0DB-CFD658B74459} = {F249C5D3-124A-310D-A0DB-CFD658B74459}
	EndProjectSection
EndProject
Project("{8BC9CEB8-8B4A-11D0-8D11-00A0C91BC942}") = "main_window", "main_window.vcxproj", "{E8B2722B-ED96-3556-84FB-68327F6C86F1}"
	ProjectSection(ProjectDependencies) = postProject
		{1690E6F1-5A74-370F-833B-6912E41943B8} = {1690E6F1-5A74-370F-833B-6912E41943B8}
		{C336ED7C-BD19-3C20-8079-E92033BB72F9} = {C336ED7C-BD19-3C20-8079-E92033BB72F9}
		{302FE4E5-3082-3A74-AC30-C30CA95740C2} = {302FE4E5-3082-3A74-AC30-C30CA95740C2}
	EndProjectSection
EndProject
Project("{8BC9CEB8-8B4A-11D0-8D11-00A0C91BC942}") = "zlib", "external\assimp-3.0.1270\contrib\zlib\zlib.vcxproj", "{F249C5D3-124A-310D-A0DB-CFD658B74459}"
	ProjectSection(ProjectDependencies) = postProject
		{302FE4E5-3082-3A74-AC30-C30CA95740C2} = {302FE4E5-3082-3A74-AC30-C30CA95740C2}
	EndProjectSection
EndProject
Global
	GlobalSection(SolutionConfigurationPlatforms) = preSolution
		Debug|Win32 = Debug|Win32
		Release|Win32 = Release|Win32
		MinSizeRel|Win32 = MinSizeRel|Win32
		RelWithDebInfo|Win32 = RelWithDebInfo|Win32
	EndGlobalSection
	GlobalSection(ProjectConfigurationPlatforms) = postSolution
		{EB210930-1C97-3B5B-98FA-FF37B9AA60A4}.Debug|Win32.ActiveCfg = Debug|Win32
		{EB210930-1C97-3B5B-98FA-FF37B9AA60A4}.Debug|Win32.Build.0 = Debug|Win32
		{EB210930-1C97-3B5B-98FA-FF37B9AA60A4}.Release|Win32.ActiveCfg = Release|Win32
		{EB210930-1C97-3B5B-98FA-FF37B9AA60A4}.Release|Win32.Build.0 = Release|Win32
		{EB210930-1C97-3B5B-98FA-FF37B9AA60A4}.MinSizeRel|Win32.ActiveCfg = MinSizeRel|Win32
		{EB210930-1C97-3B5B-98FA-FF37B9AA60A4}.MinSizeRel|Win32.Build.0 = MinSizeRel|Win32
		{EB210930-1C97-3B5B-98FA-FF37B9AA60A4}.RelWithDebInfo|Win32.ActiveCfg = RelWithDebInfo|Win32
		{EB210930-1C97-3B5B-98FA-FF37B9AA60A4}.RelWithDebInfo|Win32.Build.0 = RelWithDebInfo|Win32
		{278CE7CE-8628-3686-A84C-10CE55F75097}.Debug|Win32.ActiveCfg = Debug|Win32
		{278CE7CE-8628-3686-A84C-10CE55F75097}.Debug|Win32.Build.0 = Debug|Win32
		{278CE7CE-8628-3686-A84C-10CE55F75097}.Release|Win32.ActiveCfg = Release|Win32
		{278CE7CE-8628-3686-A84C-10CE55F75097}.Release|Win32.Build.0 = Release|Win32
		{278CE7CE-8628-3686-A84C-10CE55F75097}.MinSizeRel|Win32.ActiveCfg = MinSizeRel|Win32
		{278CE7CE-8628-3686-A84C-10CE55F75097}.MinSizeRel|Win32.Build.0 = MinSizeRel|Win32
		{278CE7CE-8628-3686-A84C-10CE55F75097}.RelWithDebInfo|Win32.ActiveCfg = RelWithDebInfo|Win32
		{278CE7CE-8628-3686-A84C-10CE55F75097}.RelWithDebInfo|Win32.Build.0 = RelWithDebInfo|Win32
		{F75845C4-2F89-3FC7-9206-382FB3F68364}.Debug|Win32.ActiveCfg = Debug|Win32
		{F75845C4-2F89-3FC7-9206-382FB3F68364}.Debug|Win32.Build.0 = Debug|Win32
		{F75845C4-2F89-3FC7-9206-382FB3F68364}.Release|Win32.ActiveCfg = Release|Win32
		{F75845C4-2F89-3FC7-9206-382FB3F68364}.Release|Win32.Build.0 = Release|Win32
		{F75845C4-2F89-3FC7-9206-382FB3F68364}.MinSizeRel|Win32.ActiveCfg = MinSizeRel|Win32
		{F75845C4-2F89-3FC7-9206-382FB3F68364}.MinSizeRel|Win32.Build.0 = MinSizeRel|Win32
		{F75845C4-2F89-3FC7-9206-382FB3F68364}.RelWithDebInfo|Win32.ActiveCfg = RelWithDebInfo|Win32
		{F75845C4-2F89-3FC7-9206-382FB3F68364}.RelWithDebInfo|Win32.Build.0 = RelWithDebInfo|Win32
		{B4187F96-A78A-3A55-BEE2-5C79B46A5CA1}.Debug|Win32.ActiveCfg = Debug|Win32
		{B4187F96-A78A-3A55-BEE2-5C79B46A5CA1}.Debug|Win32.Build.0 = Debug|Win32
		{B4187F96-A78A-3A55-BEE2-5C79B46A5CA1}.Release|Win32.ActiveCfg = Release|Win32
		{B4187F96-A78A-3A55-BEE2-5C79B46A5CA1}.Release|Win32.Build.0 = Release|Win32
		{B4187F96-A78A-3A55-BEE2-5C79B46A5CA1}.MinSizeRel|Win32.ActiveCfg = MinSizeRel|Win32
		{B4187F96-A78A-3A55-BEE2-5C79B46A5CA1}.MinSizeRel|Win32.Build.0 = MinSizeRel|Win32
		{B4187F96-A78A-3A55-BEE2-5C79B46A5CA1}.RelWithDebInfo|Win32.ActiveCfg = RelWithDebInfo|Win32
		{B4187F96-A78A-3A55-BEE2-5C79B46A5CA1}.RelWithDebInfo|Win32.Build.0 = RelWithDebInfo|Win32
		{7C8B1FE4-4F6E-3C12-8A8B-ACD9E699C437}.Debug|Win32.ActiveCfg = Debug|Win32
		{7C8B1FE4-4F6E-3C12-8A8B-ACD9E699C437}.Debug|Win32.Build.0 = Debug|Win32
		{7C8B1FE4-4F6E-3C12-8A8B-ACD9E699C437}.Release|Win32.ActiveCfg = Release|Win32
		{7C8B1FE4-4F6E-3C12-8A8B-ACD9E699C437}.Release|Win32.Build.0 = Release|Win32
		{7C8B1FE4-4F6E-3C12-8A8B-ACD9E699C437}.MinSizeRel|Win32.ActiveCfg = MinSizeRel|Win32
		{7C8B1FE4-4F6E-3C12-8A8B-ACD9E699C437}.MinSizeRel|Win32.Build.0 = MinSizeRel|Win32
		{7C8B1FE4-4F6E-3C12-8A8B-ACD9E699C437}.RelWithDebInfo|Win32.ActiveCfg = RelWithDebInfo|Win32
		{7C8B1FE4-4F6E-3C12-8A8B-ACD9E699C437}.RelWithDebInfo|Win32.Build.0 = RelWithDebInfo|Win32
		{1690E6F1-5A74-370F-833B-6912E41943B8}.Debug|Win32.ActiveCfg = Debug|Win32
		{1690E6F1-5A74-370F-833B-6912E41943B8}.Debug|Win32.Build.0 = Debug|Win32
		{1690E6F1-5A74-370F-833B-6912E41943B8}.Release|Win32.ActiveCfg = Release|Win32
		{1690E6F1-5A74-370F-833B-6912E41943B8}.Release|Win32.Build.0 = Release|Win32
		{1690E6F1-5A74-370F-833B-6912E41943B8}.MinSizeRel|Win32.ActiveCfg = MinSizeRel|Win32
		{1690E6F1-5A74-370F-833B-6912E41943B8}.MinSizeRel|Win32.Build.0 = MinSizeRel|Win32
		{1690E6F1-5A74-370F-833B-6912E41943B8}.RelWithDebInfo|Win32.ActiveCfg = RelWithDebInfo|Win32
		{1690E6F1-5A74-370F-833B-6912E41943B8}.RelWithDebInfo|Win32.Build.0 = RelWithDebInfo|Win32
		{C336ED7C-BD19-3C20-8079-E92033BB72F9}.Debug|Win32.ActiveCfg = Debug|Win32
		{C336ED7C-BD19-3C20-8079-E92033BB72F9}.Debug|Win32.Build.0 = Debug|Win32
		{C336ED7C-BD19-3C20-8079-E92033BB72F9}.Release|Win32.ActiveCfg = Release|Win32
		{C336ED7C-BD19-3C20-8079-E92033BB72F9}.Release|Win32.Build.0 = Release|Win32
		{C336ED7C-BD19-3C20-8079-E92033BB72F9}.MinSizeRel|Win32.ActiveCfg = MinSizeRel|Win32
		{C336ED7C-BD19-3C20-8079-E92033BB72F9}.MinSizeRel|Win32.Build.0 = MinSizeRel|Win32
		{C336ED7C-BD19-3C20-8079-E92033BB72F9}.RelWithDebInfo|Win32.ActiveCfg = RelWithDebInfo|Win32
		{C336ED7C-BD19-3C20-8079-E92033BB72F9}.RelWithDebInfo|Win32.Build.0 = RelWithDebInfo|Win32
		{2B3C50D7-011B-38AA-B3E9-F6421089FE69}.Debug|Win32.ActiveCfg = Debug|Win32
		{2B3C50D7-011B-38AA-B3E9-F6421089FE69}.Release|Win32.ActiveCfg = Release|Win32
		{2B3C50D7-011B-38AA-B3E9-F6421089FE69}.MinSizeRel|Win32.ActiveCfg = MinSizeRel|Win32
		{2B3C50D7-011B-38AA-B3E9-F6421089FE69}.RelWithDebInfo|Win32.ActiveCfg = RelWithDebInfo|Win32
		{94B0EDE4-B072-3AC3-8B09-4B3A22F1B079}.Debug|Win32.ActiveCfg = Debug|Win32
		{94B0EDE4-B072-3AC3-8B09-4B3A22F1B079}.Debug|Win32.Build.0 = Debug|Win32
		{94B0EDE4-B072-3AC3-8B09-4B3A22F1B079}.Release|Win32.ActiveCfg = Release|Win32
		{94B0EDE4-B072-3AC3-8B09-4B3A22F1B079}.Release|Win32.Build.0 = Release|Win32
		{94B0EDE4-B072-3AC3-8B09-4B3A22F1B079}.MinSizeRel|Win32.ActiveCfg = MinSizeRel|Win32
		{94B0EDE4-B072-3AC3-8B09-4B3A22F1B079}.MinSizeRel|Win32.Build.0 = MinSizeRel|Win32
		{94B0EDE4-B072-3AC3-8B09-4B3A22F1B079}.RelWithDebInfo|Win32.ActiveCfg = RelWithDebInfo|Win32
		{94B0EDE4-B072-3AC3-8B09-4B3A22F1B079}.RelWithDebInfo|Win32.Build.0 = RelWithDebInfo|Win32
		{302FE4E5-3082-3A74-AC30-C30CA95740C2}.Debug|Win32.ActiveCfg = Debug|Win32
		{302FE4E5-3082-3A74-AC30-C30CA95740C2}.Debug|Win32.Build.0 = Debug|Win32
		{302FE4E5-3082-3A74-AC30-C30CA95740C2}.Release|Win32.ActiveCfg = Release|Win32
		{302FE4E5-3082-3A74-AC30-C30CA95740C2}.Release|Win32.Build.0 = Release|Win32
		{302FE4E5-3082-3A74-AC30-C30CA95740C2}.MinSizeRel|Win32.ActiveCfg = MinSizeRel|Win32
		{302FE4E5-3082-3A74-AC30-C30CA95740C2}.MinSizeRel|Win32.Build.0 = MinSizeRel|Win32
		{302FE4E5-3082-3A74-AC30-C30CA95740C2}.RelWithDebInfo|Win32.ActiveCfg = RelWithDebInfo|Win32
		{302FE4E5-3082-3A74-AC30-C30CA95740C2}.RelWithDebInfo|Win32.Build.0 = RelWithDebInfo|Win32
		{8BA5E576-28FF-3802-ACBC-65E25BCFEA4A}.Debug|Win32.ActiveCfg = Debug|Win32
		{8BA5E576-28FF-3802-ACBC-65E25BCFEA4A}.Debug|Win32.Build.0 = Debug|Win32
		{8BA5E576-28FF-3802-ACBC-65E25BCFEA4A}.Release|Win32.ActiveCfg = Release|Win32
		{8BA5E576-28FF-3802-ACBC-65E25BCFEA4A}.Release|Win32.Build.0 = Release|Win32
		{8BA5E576-28FF-3802-ACBC-65E25BCFEA4A}.MinSizeRel|Win32.ActiveCfg = MinSizeRel|Win32
		{8BA5E576-28FF-3802-ACBC-65E25BCFEA4A}.MinSizeRel|Win32.Build.0 = MinSizeRel|Win32
		{8BA5E576-28FF-3802-ACBC-65E25BCFEA4A}.RelWithDebInfo|Win32.ActiveCfg = RelWithDebInfo|Win32
		{8BA5E576-28FF-3802-ACBC-65E25BCFEA4A}.RelWithDebInfo|Win32.Build.0 = RelWithDebInfo|Win32
		{E8B2722B-ED96-3556-84FB-68327F6C86F1}.Debug|Win32.ActiveCfg = Debug|Win32
		{E8B2722B-ED96-3556-84FB-68327F6C86F1}.Debug|Win32.Build.0 = Debug|Win32
		{E8B2722B-ED96-3556-84FB-68327F6C86F1}.Release|Win32.ActiveCfg = Release|Win32
		{E8B2722B-ED96-3556-84FB-68327F6C86F1}.Release|Win32.Build.0 = Release|Win32
		{E8B2722B-ED96-3556-84FB-68327F6C86F1}.MinSizeRel|Win32.ActiveCfg = MinSizeRel|Win32
		{E8B2722B-ED96-3556-84FB-68327F6C86F1}.MinSizeRel|Win32.Build.0 = MinSizeRel|Win32
		{E8B2722B-ED96-3556-84FB-68327F6C86F1}.RelWithDebInfo|Win32.ActiveCfg = RelWithDebInfo|Win32
		{E8B2722B-ED96-3556-84FB-68327F6C86F1}.RelWithDebInfo|Win32.Build.0 = RelWithDebInfo|Win32
		{F249C5D3-124A-310D-A0DB-CFD658B74459}.Debug|Win32.ActiveCfg = Debug|Win32
		{F249C5D3-124A-310D-A0DB-CFD658B74459}.Debug|Win32.Build.0 = Debug|Win32
		{F249C5D3-124A-310D-A0DB-CFD658B74459}.Release|Win32.ActiveCfg = Release|Win32
		{F249C5D3-124A-310D-A0DB-CFD658B74459}.Release|Win32.Build.0 = Release|Win32
		{F249C5D3-124A-310D-A0DB-CFD658B74459}.MinSizeRel|Win32.ActiveCfg = MinSizeRel|Win32
		{F249C5D3-124A-310D-A0DB-CFD658B74459}.MinSizeRel|Win32.Build.0 = MinSizeRel|Win32
		{F249C5D3-124A-310D-A0DB-CFD658B74459}.RelWithDebInfo|Win32.ActiveCfg = RelWithDebInfo|Win32
		{F249C5D3-124A-310D-A0DB-CFD658B74459}.RelWithDebInfo|Win32.Build.0 = RelWithDebInfo|Win32
	EndGlobalSection
	GlobalSection(ExtensibilityGlobals) = postSolution
		SolutionGuid = {CB5FE88F-E066-3FDA-B937-0F30D62EF478}
	EndGlobalSection
	GlobalSection(ExtensibilityAddIns) = postSolution
	EndGlobalSection
EndGlobal
