<?xml version="1.0" encoding="UTF-8"?>
<Project ToolsVersion="14.0" xmlns="http://schemas.microsoft.com/developer/msbuild/2003">
  <ItemGroup>
    <ClCompile Include="D:\Github projects\CG-Project\_GameEngine\GameEngine\main_window\main_window.cpp">
      <Filter>Source Files</Filter>
    </ClCompile>
    <ClCompile Include="D:\Github projects\CG-Project\_GameEngine\GameEngine\_OurGameEngine\ObjectsAndComponents\GameObject.cpp">
      <Filter>Source Files</Filter>
    </ClCompile>
    <ClCompile Include="D:\Github projects\CG-Project\_GameEngine\GameEngine\_OurGameEngine\ObjectsAndComponents\Transform.cpp">
      <Filter>Source Files</Filter>
    </ClCompile>
  </ItemGroup>
  <ItemGroup>
    <ClInclude Include="D:\Github projects\CG-Project\_GameEngine\GameEngine\_OurGameEngine\EnginePrime.hpp">
      <Filter>Header Files</Filter>
    </ClInclude>
    <ClInclude Include="D:\Github projects\CG-Project\_GameEngine\GameEngine\_OurGameEngine\ObjectsAndComponents\GameObject.hpp">
      <Filter>Header Files</Filter>
    </ClInclude>
    <ClInclude Include="D:\Github projects\CG-Project\_GameEngine\GameEngine\_OurGameEngine\ObjectsAndComponents\Transform.hpp">
      <Filter>Header Files</Filter>
    </ClInclude>
    <ClInclude Include="D:\Github projects\CG-Project\_GameEngine\GameEngine\_OurGameEngine\StaticClasses\Input.hpp">
      <Filter>Header Files</Filter>
    </ClInclude>
    <ClInclude Include="D:\Github projects\CG-Project\_GameEngine\GameEngine\_OurGameEngine\StaticClasses\Time.hpp">
      <Filter>Header Files</Filter>
    </ClInclude>
  </ItemGroup>
  <ItemGroup>
    <CustomBuild Include="D:\Github projects\CG-Project\_GameEngine\GameEngine\CMakeLists.txt" />
  </ItemGroup>
  <ItemGroup>
    <Filter Include="Source Files">
      <UniqueIdentifier>{37ECA4C2-479C-38E0-8BA7-D9078C86166A}</UniqueIdentifier>
    </Filter>
    <Filter Include="Header Files">
      <UniqueIdentifier>{795396C8-A319-3972-AFDF-D673EF7802C5}</UniqueIdentifier>
    </Filter>
  </ItemGroup>
</Project>
